
Microsoft Visual Studio Solution File, Format Version 12.00
# Visual Studio 2012
Project("{FAE04EC0-301F-11D3-BF4B-00C04F79EFBC}") = "ConsoleApplication1", "ConsoleApplication1.csproj", "{DFD819C9-F9F6-48CC-A817-7138794FB2A6}"
EndProject
Project("{2150E333-8FDC-42A3-9474-1A3956D46DE8}") = ".nuget", ".nuget", "{99B0B62C-1ACE-4448-835B-399DD41A5B5B}"
	ProjectSection(SolutionItems) = preProject
		.nuget\NuGet.Config = .nuget\NuGet.Config
		.nuget\NuGet.exe = .nuget\NuGet.exe
		.nuget\NuGet.targets = .nuget\NuGet.targets
	EndProjectSection
EndProject
Global
	GlobalSection(SolutionConfigurationPlatforms) = preSolution
		Debug|Any CPU = Debug|Any CPU
		Release|Any CPU = Release|Any CPU
	EndGlobalSection
	GlobalSection(ProjectConfigurationPlatforms) = postSolution
		{DFD819C9-F9F6-48CC-A817-7138794FB2A6}.Debug|Any CPU.ActiveCfg = Debug|Any CPU
		{DFD819C9-F9F6-48CC-A817-7138794FB2A6}.Debug|Any CPU.Build.0 = Debug|Any CPU
		{DFD819C9-F9F6-48CC-A817-7138794FB2A6}.Release|Any CPU.ActiveCfg = Release|Any CPU
		{DFD819C9-F9F6-48CC-A817-7138794FB2A6}.Release|Any CPU.Build.0 = Release|Any CPU
	EndGlobalSection
	GlobalSection(SolutionProperties) = preSolution
		HideSolutionNode = FALSE
	EndGlobalSection
EndGlobal
